
Microsoft Visual Studio Solution File, Format Version 12.00
# Visual Studio Version 17
VisualStudioVersion = 17.3.32901.215
MinimumVisualStudioVersion = 10.0.40219.1
Project("{2150E333-8FDC-42A3-9474-1A3956D46DE8}") = "Solution Items", "Solution Items", "{5E290852-C067-4CC0-8483-62C598EAC347}"
	ProjectSection(SolutionItems) = preProject
		.editorconfig = .editorconfig
	EndProjectSection
EndProject
Project("{FAE04EC0-301F-11D3-BF4B-00C04F79EFBC}") = "ManageInfo.Windows", "ManageInfo.Windows\ManageInfo.Windows.csproj", "{799942AC-6D9B-44E4-AB3F-1191B32F8CD4}"
EndProject
Project("{FAE04EC0-301F-11D3-BF4B-00C04F79EFBC}") = "ManageInfo", "ManageInfo\ManageInfo.csproj", "{72B35F18-B470-4DDD-9974-BF064A31F441}"
EndProject
Project("{FAE04EC0-301F-11D3-BF4B-00C04F79EFBC}") = "ManageInfo.Core", "ManageInfo.Core\ManageInfo.Core.csproj", "{CC132ACA-21DD-4E90-B767-F7FC7B339FCA}"
EndProject
Project("{FAE04EC0-301F-11D3-BF4B-00C04F79EFBC}") = "ManageInfo.UI", "ManageInfo.UI\ManageInfo.UI.csproj", "{EE61C151-BF4C-41A7-B29C-45D042E6EA0F}"
EndProject
Project("{FAE04EC0-301F-11D3-BF4B-00C04F79EFBC}") = "ManageInfo.Logic", "ManageInfo.Logic\ManageInfo.Logic.csproj", "{654795BD-31CC-451A-B3FE-0FB14C765E48}"
EndProject
Project("{FAE04EC0-301F-11D3-BF4B-00C04F79EFBC}") = "ManageInfo.Resources", "ManageInfo.Resources\ManageInfo.Resources.csproj", "{2F6CF1C2-84B4-4342-895D-277C481DCDD1}"
EndProject
Project("{930C7802-8A8C-48F9-8165-68863BCCD9DD}") = "ManageInfo Setup", "ManageInfo Setup\ManageInfo Setup.wixproj", "{B27D10B0-6FBD-4ADD-8CA9-4B41D67F0C81}"
EndProject
Project("{FAE04EC0-301F-11D3-BF4B-00C04F79EFBC}") = "ManageInfo.Utils", "ManageInfo.Utils\ManageInfo.Utils.csproj", "{6BBC0D35-DC8F-4A34-8B10-D5249E662591}"
EndProject
Global
	GlobalSection(SolutionConfigurationPlatforms) = preSolution
		2020|Any CPU = 2020|Any CPU
		2020|x86 = 2020|x86
		2021|Any CPU = 2021|Any CPU
		2021|x86 = 2021|x86
		2022|Any CPU = 2022|Any CPU
		2022|x86 = 2022|x86
		2023|Any CPU = 2023|Any CPU
		2023|x86 = 2023|x86
		Debug|Any CPU = Debug|Any CPU
		Debug|x86 = Debug|x86
		Release|Any CPU = Release|Any CPU
		Release|x86 = Release|x86
	EndGlobalSection
	GlobalSection(ProjectConfigurationPlatforms) = postSolution
		{799942AC-6D9B-44E4-AB3F-1191B32F8CD4}.2020|Any CPU.ActiveCfg = 2020|Any CPU
		{799942AC-6D9B-44E4-AB3F-1191B32F8CD4}.2020|Any CPU.Build.0 = 2020|Any CPU
		{799942AC-6D9B-44E4-AB3F-1191B32F8CD4}.2020|x86.ActiveCfg = 2020|Any CPU
		{799942AC-6D9B-44E4-AB3F-1191B32F8CD4}.2020|x86.Build.0 = 2020|Any CPU
		{799942AC-6D9B-44E4-AB3F-1191B32F8CD4}.2021|Any CPU.ActiveCfg = 2021|Any CPU
		{799942AC-6D9B-44E4-AB3F-1191B32F8CD4}.2021|Any CPU.Build.0 = 2021|Any CPU
		{799942AC-6D9B-44E4-AB3F-1191B32F8CD4}.2021|x86.ActiveCfg = 2021|Any CPU
		{799942AC-6D9B-44E4-AB3F-1191B32F8CD4}.2021|x86.Build.0 = 2021|Any CPU
		{799942AC-6D9B-44E4-AB3F-1191B32F8CD4}.2022|Any CPU.ActiveCfg = 2022|Any CPU
		{799942AC-6D9B-44E4-AB3F-1191B32F8CD4}.2022|Any CPU.Build.0 = 2022|Any CPU
		{799942AC-6D9B-44E4-AB3F-1191B32F8CD4}.2022|x86.ActiveCfg = 2022|Any CPU
		{799942AC-6D9B-44E4-AB3F-1191B32F8CD4}.2022|x86.Build.0 = 2022|Any CPU
		{799942AC-6D9B-44E4-AB3F-1191B32F8CD4}.2023|Any CPU.ActiveCfg = 2023|Any CPU
		{799942AC-6D9B-44E4-AB3F-1191B32F8CD4}.2023|Any CPU.Build.0 = 2023|Any CPU
		{799942AC-6D9B-44E4-AB3F-1191B32F8CD4}.2023|x86.ActiveCfg = 2023|Any CPU
		{799942AC-6D9B-44E4-AB3F-1191B32F8CD4}.2023|x86.Build.0 = 2023|Any CPU
		{799942AC-6D9B-44E4-AB3F-1191B32F8CD4}.Debug|Any CPU.ActiveCfg = 2023|Any CPU
		{799942AC-6D9B-44E4-AB3F-1191B32F8CD4}.Debug|Any CPU.Build.0 = 2023|Any CPU
		{799942AC-6D9B-44E4-AB3F-1191B32F8CD4}.Debug|x86.ActiveCfg = 2023|Any CPU
		{799942AC-6D9B-44E4-AB3F-1191B32F8CD4}.Debug|x86.Build.0 = 2023|Any CPU
		{799942AC-6D9B-44E4-AB3F-1191B32F8CD4}.Release|Any CPU.ActiveCfg = 2023|Any CPU
		{799942AC-6D9B-44E4-AB3F-1191B32F8CD4}.Release|Any CPU.Build.0 = 2023|Any CPU
		{799942AC-6D9B-44E4-AB3F-1191B32F8CD4}.Release|x86.ActiveCfg = 2023|Any CPU
		{799942AC-6D9B-44E4-AB3F-1191B32F8CD4}.Release|x86.Build.0 = 2023|Any CPU
		{72B35F18-B470-4DDD-9974-BF064A31F441}.2020|Any CPU.ActiveCfg = 2020|Any CPU
		{72B35F18-B470-4DDD-9974-BF064A31F441}.2020|Any CPU.Build.0 = 2020|Any CPU
		{72B35F18-B470-4DDD-9974-BF064A31F441}.2020|x86.ActiveCfg = 2020|Any CPU
		{72B35F18-B470-4DDD-9974-BF064A31F441}.2020|x86.Build.0 = 2020|Any CPU
		{72B35F18-B470-4DDD-9974-BF064A31F441}.2021|Any CPU.ActiveCfg = 2021|Any CPU
		{72B35F18-B470-4DDD-9974-BF064A31F441}.2021|Any CPU.Build.0 = 2021|Any CPU
		{72B35F18-B470-4DDD-9974-BF064A31F441}.2021|x86.ActiveCfg = 2021|Any CPU
		{72B35F18-B470-4DDD-9974-BF064A31F441}.2021|x86.Build.0 = 2021|Any CPU
		{72B35F18-B470-4DDD-9974-BF064A31F441}.2022|Any CPU.ActiveCfg = 2022|Any CPU
		{72B35F18-B470-4DDD-9974-BF064A31F441}.2022|Any CPU.Build.0 = 2022|Any CPU
		{72B35F18-B470-4DDD-9974-BF064A31F441}.2022|x86.ActiveCfg = 2022|Any CPU
		{72B35F18-B470-4DDD-9974-BF064A31F441}.2022|x86.Build.0 = 2022|Any CPU
		{72B35F18-B470-4DDD-9974-BF064A31F441}.2023|Any CPU.ActiveCfg = 2023|Any CPU
		{72B35F18-B470-4DDD-9974-BF064A31F441}.2023|Any CPU.Build.0 = 2023|Any CPU
		{72B35F18-B470-4DDD-9974-BF064A31F441}.2023|x86.ActiveCfg = 2023|Any CPU
		{72B35F18-B470-4DDD-9974-BF064A31F441}.2023|x86.Build.0 = 2023|Any CPU
		{72B35F18-B470-4DDD-9974-BF064A31F441}.Debug|Any CPU.ActiveCfg = 2023|Any CPU
		{72B35F18-B470-4DDD-9974-BF064A31F441}.Debug|Any CPU.Build.0 = 2023|Any CPU
		{72B35F18-B470-4DDD-9974-BF064A31F441}.Debug|x86.ActiveCfg = 2023|Any CPU
		{72B35F18-B470-4DDD-9974-BF064A31F441}.Debug|x86.Build.0 = 2023|Any CPU
		{72B35F18-B470-4DDD-9974-BF064A31F441}.Release|Any CPU.ActiveCfg = 2023|Any CPU
		{72B35F18-B470-4DDD-9974-BF064A31F441}.Release|Any CPU.Build.0 = 2023|Any CPU
		{72B35F18-B470-4DDD-9974-BF064A31F441}.Release|x86.ActiveCfg = 2023|Any CPU
		{72B35F18-B470-4DDD-9974-BF064A31F441}.Release|x86.Build.0 = 2023|Any CPU
		{CC132ACA-21DD-4E90-B767-F7FC7B339FCA}.2020|Any CPU.ActiveCfg = 2020|Any CPU
		{CC132ACA-21DD-4E90-B767-F7FC7B339FCA}.2020|Any CPU.Build.0 = 2020|Any CPU
		{CC132ACA-21DD-4E90-B767-F7FC7B339FCA}.2020|x86.ActiveCfg = 2020|Any CPU
		{CC132ACA-21DD-4E90-B767-F7FC7B339FCA}.2020|x86.Build.0 = 2020|Any CPU
		{CC132ACA-21DD-4E90-B767-F7FC7B339FCA}.2021|Any CPU.ActiveCfg = 2021|Any CPU
		{CC132ACA-21DD-4E90-B767-F7FC7B339FCA}.2021|Any CPU.Build.0 = 2021|Any CPU
		{CC132ACA-21DD-4E90-B767-F7FC7B339FCA}.2021|x86.ActiveCfg = 2021|Any CPU
		{CC132ACA-21DD-4E90-B767-F7FC7B339FCA}.2021|x86.Build.0 = 2021|Any CPU
		{CC132ACA-21DD-4E90-B767-F7FC7B339FCA}.2022|Any CPU.ActiveCfg = 2022|Any CPU
		{CC132ACA-21DD-4E90-B767-F7FC7B339FCA}.2022|Any CPU.Build.0 = 2022|Any CPU
		{CC132ACA-21DD-4E90-B767-F7FC7B339FCA}.2022|x86.ActiveCfg = 2022|Any CPU
		{CC132ACA-21DD-4E90-B767-F7FC7B339FCA}.2022|x86.Build.0 = 2022|Any CPU
		{CC132ACA-21DD-4E90-B767-F7FC7B339FCA}.2023|Any CPU.ActiveCfg = 2023|Any CPU
		{CC132ACA-21DD-4E90-B767-F7FC7B339FCA}.2023|Any CPU.Build.0 = 2023|Any CPU
		{CC132ACA-21DD-4E90-B767-F7FC7B339FCA}.2023|x86.ActiveCfg = 2023|Any CPU
		{CC132ACA-21DD-4E90-B767-F7FC7B339FCA}.2023|x86.Build.0 = 2023|Any CPU
		{CC132ACA-21DD-4E90-B767-F7FC7B339FCA}.Debug|Any CPU.ActiveCfg = 2023|Any CPU
		{CC132ACA-21DD-4E90-B767-F7FC7B339FCA}.Debug|Any CPU.Build.0 = 2023|Any CPU
		{CC132ACA-21DD-4E90-B767-F7FC7B339FCA}.Debug|x86.ActiveCfg = 2023|Any CPU
		{CC132ACA-21DD-4E90-B767-F7FC7B339FCA}.Debug|x86.Build.0 = 2023|Any CPU
		{CC132ACA-21DD-4E90-B767-F7FC7B339FCA}.Release|Any CPU.ActiveCfg = 2023|Any CPU
		{CC132ACA-21DD-4E90-B767-F7FC7B339FCA}.Release|Any CPU.Build.0 = 2023|Any CPU
		{CC132ACA-21DD-4E90-B767-F7FC7B339FCA}.Release|x86.ActiveCfg = 2023|Any CPU
		{CC132ACA-21DD-4E90-B767-F7FC7B339FCA}.Release|x86.Build.0 = 2023|Any CPU
		{EE61C151-BF4C-41A7-B29C-45D042E6EA0F}.2020|Any CPU.ActiveCfg = 2020|Any CPU
		{EE61C151-BF4C-41A7-B29C-45D042E6EA0F}.2020|Any CPU.Build.0 = 2020|Any CPU
		{EE61C151-BF4C-41A7-B29C-45D042E6EA0F}.2020|x86.ActiveCfg = 2020|Any CPU
		{EE61C151-BF4C-41A7-B29C-45D042E6EA0F}.2020|x86.Build.0 = 2020|Any CPU
		{EE61C151-BF4C-41A7-B29C-45D042E6EA0F}.2021|Any CPU.ActiveCfg = 2021|Any CPU
		{EE61C151-BF4C-41A7-B29C-45D042E6EA0F}.2021|Any CPU.Build.0 = 2021|Any CPU
		{EE61C151-BF4C-41A7-B29C-45D042E6EA0F}.2021|x86.ActiveCfg = 2021|Any CPU
		{EE61C151-BF4C-41A7-B29C-45D042E6EA0F}.2021|x86.Build.0 = 2021|Any CPU
		{EE61C151-BF4C-41A7-B29C-45D042E6EA0F}.2022|Any CPU.ActiveCfg = 2022|Any CPU
		{EE61C151-BF4C-41A7-B29C-45D042E6EA0F}.2022|Any CPU.Build.0 = 2022|Any CPU
		{EE61C151-BF4C-41A7-B29C-45D042E6EA0F}.2022|x86.ActiveCfg = 2022|Any CPU
		{EE61C151-BF4C-41A7-B29C-45D042E6EA0F}.2022|x86.Build.0 = 2022|Any CPU
		{EE61C151-BF4C-41A7-B29C-45D042E6EA0F}.2023|Any CPU.ActiveCfg = 2023|Any CPU
		{EE61C151-BF4C-41A7-B29C-45D042E6EA0F}.2023|Any CPU.Build.0 = 2023|Any CPU
		{EE61C151-BF4C-41A7-B29C-45D042E6EA0F}.2023|x86.ActiveCfg = 2023|Any CPU
		{EE61C151-BF4C-41A7-B29C-45D042E6EA0F}.2023|x86.Build.0 = 2023|Any CPU
		{EE61C151-BF4C-41A7-B29C-45D042E6EA0F}.Debug|Any CPU.ActiveCfg = 2023|Any CPU
		{EE61C151-BF4C-41A7-B29C-45D042E6EA0F}.Debug|Any CPU.Build.0 = 2023|Any CPU
		{EE61C151-BF4C-41A7-B29C-45D042E6EA0F}.Debug|x86.ActiveCfg = 2023|Any CPU
		{EE61C151-BF4C-41A7-B29C-45D042E6EA0F}.Debug|x86.Build.0 = 2023|Any CPU
		{EE61C151-BF4C-41A7-B29C-45D042E6EA0F}.Release|Any CPU.ActiveCfg = 2023|Any CPU
		{EE61C151-BF4C-41A7-B29C-45D042E6EA0F}.Release|Any CPU.Build.0 = 2023|Any CPU
		{EE61C151-BF4C-41A7-B29C-45D042E6EA0F}.Release|x86.ActiveCfg = 2023|Any CPU
		{EE61C151-BF4C-41A7-B29C-45D042E6EA0F}.Release|x86.Build.0 = 2023|Any CPU
		{654795BD-31CC-451A-B3FE-0FB14C765E48}.2020|Any CPU.ActiveCfg = 2020|Any CPU
		{654795BD-31CC-451A-B3FE-0FB14C765E48}.2020|Any CPU.Build.0 = 2020|Any CPU
		{654795BD-31CC-451A-B3FE-0FB14C765E48}.2020|x86.ActiveCfg = 2020|Any CPU
		{654795BD-31CC-451A-B3FE-0FB14C765E48}.2020|x86.Build.0 = 2020|Any CPU
		{654795BD-31CC-451A-B3FE-0FB14C765E48}.2021|Any CPU.ActiveCfg = 2021|Any CPU
		{654795BD-31CC-451A-B3FE-0FB14C765E48}.2021|Any CPU.Build.0 = 2021|Any CPU
		{654795BD-31CC-451A-B3FE-0FB14C765E48}.2021|x86.ActiveCfg = 2021|Any CPU
		{654795BD-31CC-451A-B3FE-0FB14C765E48}.2021|x86.Build.0 = 2021|Any CPU
		{654795BD-31CC-451A-B3FE-0FB14C765E48}.2022|Any CPU.ActiveCfg = 2022|Any CPU
		{654795BD-31CC-451A-B3FE-0FB14C765E48}.2022|Any CPU.Build.0 = 2022|Any CPU
		{654795BD-31CC-451A-B3FE-0FB14C765E48}.2022|x86.ActiveCfg = 2022|Any CPU
		{654795BD-31CC-451A-B3FE-0FB14C765E48}.2022|x86.Build.0 = 2022|Any CPU
		{654795BD-31CC-451A-B3FE-0FB14C765E48}.2023|Any CPU.ActiveCfg = 2023|Any CPU
		{654795BD-31CC-451A-B3FE-0FB14C765E48}.2023|Any CPU.Build.0 = 2023|Any CPU
		{654795BD-31CC-451A-B3FE-0FB14C765E48}.2023|x86.ActiveCfg = 2023|Any CPU
		{654795BD-31CC-451A-B3FE-0FB14C765E48}.2023|x86.Build.0 = 2023|Any CPU
		{654795BD-31CC-451A-B3FE-0FB14C765E48}.Debug|Any CPU.ActiveCfg = 2023|Any CPU
		{654795BD-31CC-451A-B3FE-0FB14C765E48}.Debug|Any CPU.Build.0 = 2023|Any CPU
		{654795BD-31CC-451A-B3FE-0FB14C765E48}.Debug|x86.ActiveCfg = 2023|Any CPU
		{654795BD-31CC-451A-B3FE-0FB14C765E48}.Debug|x86.Build.0 = 2023|Any CPU
		{654795BD-31CC-451A-B3FE-0FB14C765E48}.Release|Any CPU.ActiveCfg = 2023|Any CPU
		{654795BD-31CC-451A-B3FE-0FB14C765E48}.Release|Any CPU.Build.0 = 2023|Any CPU
		{654795BD-31CC-451A-B3FE-0FB14C765E48}.Release|x86.ActiveCfg = 2023|Any CPU
		{654795BD-31CC-451A-B3FE-0FB14C765E48}.Release|x86.Build.0 = 2023|Any CPU
		{2F6CF1C2-84B4-4342-895D-277C481DCDD1}.2020|Any CPU.ActiveCfg = 2020|Any CPU
		{2F6CF1C2-84B4-4342-895D-277C481DCDD1}.2020|Any CPU.Build.0 = 2020|Any CPU
		{2F6CF1C2-84B4-4342-895D-277C481DCDD1}.2020|x86.ActiveCfg = 2020|Any CPU
		{2F6CF1C2-84B4-4342-895D-277C481DCDD1}.2020|x86.Build.0 = 2020|Any CPU
		{2F6CF1C2-84B4-4342-895D-277C481DCDD1}.2021|Any CPU.ActiveCfg = 2021|Any CPU
		{2F6CF1C2-84B4-4342-895D-277C481DCDD1}.2021|Any CPU.Build.0 = 2021|Any CPU
		{2F6CF1C2-84B4-4342-895D-277C481DCDD1}.2021|x86.ActiveCfg = 2021|Any CPU
		{2F6CF1C2-84B4-4342-895D-277C481DCDD1}.2021|x86.Build.0 = 2021|Any CPU
		{2F6CF1C2-84B4-4342-895D-277C481DCDD1}.2022|Any CPU.ActiveCfg = 2022|Any CPU
		{2F6CF1C2-84B4-4342-895D-277C481DCDD1}.2022|Any CPU.Build.0 = 2022|Any CPU
		{2F6CF1C2-84B4-4342-895D-277C481DCDD1}.2022|x86.ActiveCfg = 2022|Any CPU
		{2F6CF1C2-84B4-4342-895D-277C481DCDD1}.2022|x86.Build.0 = 2022|Any CPU
		{2F6CF1C2-84B4-4342-895D-277C481DCDD1}.2023|Any CPU.ActiveCfg = 2023|Any CPU
		{2F6CF1C2-84B4-4342-895D-277C481DCDD1}.2023|Any CPU.Build.0 = 2023|Any CPU
		{2F6CF1C2-84B4-4342-895D-277C481DCDD1}.2023|x86.ActiveCfg = 2023|Any CPU
		{2F6CF1C2-84B4-4342-895D-277C481DCDD1}.2023|x86.Build.0 = 2023|Any CPU
		{2F6CF1C2-84B4-4342-895D-277C481DCDD1}.Debug|Any CPU.ActiveCfg = 2023|Any CPU
		{2F6CF1C2-84B4-4342-895D-277C481DCDD1}.Debug|Any CPU.Build.0 = 2023|Any CPU
		{2F6CF1C2-84B4-4342-895D-277C481DCDD1}.Debug|x86.ActiveCfg = 2023|Any CPU
		{2F6CF1C2-84B4-4342-895D-277C481DCDD1}.Debug|x86.Build.0 = 2023|Any CPU
		{2F6CF1C2-84B4-4342-895D-277C481DCDD1}.Release|Any CPU.ActiveCfg = 2023|Any CPU
		{2F6CF1C2-84B4-4342-895D-277C481DCDD1}.Release|Any CPU.Build.0 = 2023|Any CPU
		{2F6CF1C2-84B4-4342-895D-277C481DCDD1}.Release|x86.ActiveCfg = 2023|Any CPU
		{2F6CF1C2-84B4-4342-895D-277C481DCDD1}.Release|x86.Build.0 = 2023|Any CPU
		{B27D10B0-6FBD-4ADD-8CA9-4B41D67F0C81}.2020|Any CPU.ActiveCfg = 2020|x86
		{B27D10B0-6FBD-4ADD-8CA9-4B41D67F0C81}.2020|x86.ActiveCfg = Debug|x86
		{B27D10B0-6FBD-4ADD-8CA9-4B41D67F0C81}.2020|x86.Build.0 = Debug|x86
		{B27D10B0-6FBD-4ADD-8CA9-4B41D67F0C81}.2021|Any CPU.ActiveCfg = 2021|x86
		{B27D10B0-6FBD-4ADD-8CA9-4B41D67F0C81}.2021|x86.ActiveCfg = Debug|x86
		{B27D10B0-6FBD-4ADD-8CA9-4B41D67F0C81}.2021|x86.Build.0 = Debug|x86
		{B27D10B0-6FBD-4ADD-8CA9-4B41D67F0C81}.2022|Any CPU.ActiveCfg = 2022|x86
		{B27D10B0-6FBD-4ADD-8CA9-4B41D67F0C81}.2022|x86.ActiveCfg = Debug|x86
		{B27D10B0-6FBD-4ADD-8CA9-4B41D67F0C81}.2022|x86.Build.0 = Debug|x86
		{B27D10B0-6FBD-4ADD-8CA9-4B41D67F0C81}.2023|Any CPU.ActiveCfg = 2023|x86
		{B27D10B0-6FBD-4ADD-8CA9-4B41D67F0C81}.2023|x86.ActiveCfg = Debug|x86
		{B27D10B0-6FBD-4ADD-8CA9-4B41D67F0C81}.2023|x86.Build.0 = Debug|x86
		{B27D10B0-6FBD-4ADD-8CA9-4B41D67F0C81}.Debug|Any CPU.ActiveCfg = Debug|x86
		{B27D10B0-6FBD-4ADD-8CA9-4B41D67F0C81}.Debug|Any CPU.Build.0 = Debug|x86
		{B27D10B0-6FBD-4ADD-8CA9-4B41D67F0C81}.Debug|x86.ActiveCfg = Debug|x86
		{B27D10B0-6FBD-4ADD-8CA9-4B41D67F0C81}.Debug|x86.Build.0 = Debug|x86
		{B27D10B0-6FBD-4ADD-8CA9-4B41D67F0C81}.Release|Any CPU.ActiveCfg = Release|x86
		{B27D10B0-6FBD-4ADD-8CA9-4B41D67F0C81}.Release|Any CPU.Build.0 = Release|x86
		{B27D10B0-6FBD-4ADD-8CA9-4B41D67F0C81}.Release|x86.ActiveCfg = Release|x86
		{B27D10B0-6FBD-4ADD-8CA9-4B41D67F0C81}.Release|x86.Build.0 = Release|x86
		{6BBC0D35-DC8F-4A34-8B10-D5249E662591}.2020|Any CPU.ActiveCfg = 2020|Any CPU
		{6BBC0D35-DC8F-4A34-8B10-D5249E662591}.2020|Any CPU.Build.0 = 2020|Any CPU
		{6BBC0D35-DC8F-4A34-8B10-D5249E662591}.2020|x86.ActiveCfg = Debug|Any CPU
		{6BBC0D35-DC8F-4A34-8B10-D5249E662591}.2020|x86.Build.0 = Debug|Any CPU
		{6BBC0D35-DC8F-4A34-8B10-D5249E662591}.2021|Any CPU.ActiveCfg = 2021|Any CPU
		{6BBC0D35-DC8F-4A34-8B10-D5249E662591}.2021|Any CPU.Build.0 = 2021|Any CPU
		{6BBC0D35-DC8F-4A34-8B10-D5249E662591}.2021|x86.ActiveCfg = Debug|Any CPU
		{6BBC0D35-DC8F-4A34-8B10-D5249E662591}.2021|x86.Build.0 = Debug|Any CPU
		{6BBC0D35-DC8F-4A34-8B10-D5249E662591}.2022|Any CPU.ActiveCfg = 2022|Any CPU
		{6BBC0D35-DC8F-4A34-8B10-D5249E662591}.2022|Any CPU.Build.0 = 2022|Any CPU
		{6BBC0D35-DC8F-4A34-8B10-D5249E662591}.2022|x86.ActiveCfg = Debug|Any CPU
		{6BBC0D35-DC8F-4A34-8B10-D5249E662591}.2022|x86.Build.0 = Debug|Any CPU
		{6BBC0D35-DC8F-4A34-8B10-D5249E662591}.2023|Any CPU.ActiveCfg = 2023|Any CPU
		{6BBC0D35-DC8F-4A34-8B10-D5249E662591}.2023|Any CPU.Build.0 = 2023|Any CPU
		{6BBC0D35-DC8F-4A34-8B10-D5249E662591}.2023|x86.ActiveCfg = Debug|Any CPU
		{6BBC0D35-DC8F-4A34-8B10-D5249E662591}.2023|x86.Build.0 = Debug|Any CPU
		{6BBC0D35-DC8F-4A34-8B10-D5249E662591}.Debug|Any CPU.ActiveCfg = Debug|Any CPU
		{6BBC0D35-DC8F-4A34-8B10-D5249E662591}.Debug|Any CPU.Build.0 = Debug|Any CPU
		{6BBC0D35-DC8F-4A34-8B10-D5249E662591}.Debug|x86.ActiveCfg = Debug|Any CPU
		{6BBC0D35-DC8F-4A34-8B10-D5249E662591}.Debug|x86.Build.0 = Debug|Any CPU
		{6BBC0D35-DC8F-4A34-8B10-D5249E662591}.Release|Any CPU.ActiveCfg = Release|Any CPU
		{6BBC0D35-DC8F-4A34-8B10-D5249E662591}.Release|Any CPU.Build.0 = Release|Any CPU
		{6BBC0D35-DC8F-4A34-8B10-D5249E662591}.Release|x86.ActiveCfg = Release|Any CPU
		{6BBC0D35-DC8F-4A34-8B10-D5249E662591}.Release|x86.Build.0 = Release|Any CPU
	EndGlobalSection
	GlobalSection(SolutionProperties) = preSolution
		HideSolutionNode = FALSE
	EndGlobalSection
	GlobalSection(ExtensibilityGlobals) = postSolution
		SolutionGuid = {8628A0C7-6E01-41F9-BC25-997B44FEA902}
	EndGlobalSection
EndGlobal
